
Microsoft Visual Studio Solution File, Format Version 12.00
# Visual Studio Version 16
VisualStudioVersion = 16.0.30907.101
MinimumVisualStudioVersion = 10.0.40219.1
Project("{FAE04EC0-301F-11D3-BF4B-00C04F79EFBC}") = "WebExtraction", "WebExtraction\WebExtraction.csproj", "{4D0BF3CA-52BD-4C9A-AFC0-735442F54EBE}"
EndProject
Project("{FAE04EC0-301F-11D3-BF4B-00C04F79EFBC}") = "WebExtractionTest", "WebExtractionTest\WebExtractionTest.csproj", "{F8F58DD5-9D58-4F3C-9734-326212F883EA}"
EndProject
Global
	GlobalSection(SolutionConfigurationPlatforms) = preSolution
		Debug|Any CPU = Debug|Any CPU
		Release|Any CPU = Release|Any CPU
	EndGlobalSection
	GlobalSection(ProjectConfigurationPlatforms) = postSolution
		{4D0BF3CA-52BD-4C9A-AFC0-735442F54EBE}.Debug|Any CPU.ActiveCfg = Debug|Any CPU
		{4D0BF3CA-52BD-4C9A-AFC0-735442F54EBE}.Debug|Any CPU.Build.0 = Debug|Any CPU
		{4D0BF3CA-52BD-4C9A-AFC0-735442F54EBE}.Release|Any CPU.ActiveCfg = Release|Any CPU
		{4D0BF3CA-52BD-4C9A-AFC0-735442F54EBE}.Release|Any CPU.Build.0 = Release|Any CPU
		{F8F58DD5-9D58-4F3C-9734-326212F883EA}.Debug|Any CPU.ActiveCfg = Debug|Any CPU
		{F8F58DD5-9D58-4F3C-9734-326212F883EA}.Debug|Any CPU.Build.0 = Debug|Any CPU
		{F8F58DD5-9D58-4F3C-9734-326212F883EA}.Release|Any CPU.ActiveCfg = Release|Any CPU
		{F8F58DD5-9D58-4F3C-9734-326212F883EA}.Release|Any CPU.Build.0 = Release|Any CPU
	EndGlobalSection
	GlobalSection(SolutionProperties) = preSolution
		HideSolutionNode = FALSE
	EndGlobalSection
	GlobalSection(ExtensibilityGlobals) = postSolution
		SolutionGuid = {48792539-9F5B-49E6-85C6-2D81DC72EABF}
	EndGlobalSection
EndGlobal
